
Microsoft Visual Studio Solution File, Format Version 12.00
# Visual Studio Version 17
VisualStudioVersion = 17.0.31919.166
MinimumVisualStudioVersion = 10.0.40219.1
Project("{FAE04EC0-301F-11D3-BF4B-00C04F79EFBC}") = "IdentityCustomProject", "IdentityCustomProject\IdentityCustomProject.csproj", "{5BAAB251-AAA3-47DA-9B94-CECE66DE2E4F}"
EndProject
Global
	GlobalSection(SolutionConfigurationPlatforms) = preSolution
		Debug|Any CPU = Debug|Any CPU
		Release|Any CPU = Release|Any CPU
	EndGlobalSection
	GlobalSection(ProjectConfigurationPlatforms) = postSolution
		{5BAAB251-AAA3-47DA-9B94-CECE66DE2E4F}.Debug|Any CPU.ActiveCfg = Debug|Any CPU
		{5BAAB251-AAA3-47DA-9B94-CECE66DE2E4F}.Debug|Any CPU.Build.0 = Debug|Any CPU
		{5BAAB251-AAA3-47DA-9B94-CECE66DE2E4F}.Release|Any CPU.ActiveCfg = Release|Any CPU
		{5BAAB251-AAA3-47DA-9B94-CECE66DE2E4F}.Release|Any CPU.Build.0 = Release|Any CPU
	EndGlobalSection
	GlobalSection(SolutionProperties) = preSolution
		HideSolutionNode = FALSE
	EndGlobalSection
	GlobalSection(ExtensibilityGlobals) = postSolution
		SolutionGuid = {76E5178D-36BA-416A-A825-C433454EB254}
	EndGlobalSection
EndGlobal
